Microsoft Visual Studio Solution File, Format Version 12.00
# Visual Studio Version 17
VisualStudioVersion = 17.5.2.0
MinimumVisualStudioVersion = 10.0.40219.1
Project("{FAE04EC0-301F-11D3-BF4B-00C04F79EFBC}") = "bt_buoi01", "bt_buoi01\bt_buoi01.csproj", "{FEBB8BF3-8EE3-B7E0-D70B-4C2773D2EE18}"
EndProject
Global
	GlobalSection(SolutionConfigurationPlatforms) = preSolution
		Debug|Any CPU = Debug|Any CPU
		Release|Any CPU = Release|Any CPU
	EndGlobalSection
	GlobalSection(ProjectConfigurationPlatforms) = postSolution
		{FEBB8BF3-8EE3-B7E0-D70B-4C2773D2EE18}.Debug|Any CPU.ActiveCfg = Debug|Any CPU
		{FEBB8BF3-8EE3-B7E0-D70B-4C2773D2EE18}.Debug|Any CPU.Build.0 = Debug|Any CPU
		{FEBB8BF3-8EE3-B7E0-D70B-4C2773D2EE18}.Release|Any CPU.ActiveCfg = Release|Any CPU
		{FEBB8BF3-8EE3-B7E0-D70B-4C2773D2EE18}.Release|Any CPU.Build.0 = Release|Any CPU
	EndGlobalSection
	GlobalSection(SolutionProperties) = preSolution
		HideSolutionNode = FALSE
	EndGlobalSection
	GlobalSection(ExtensibilityGlobals) = postSolution
		SolutionGuid = {D835D5A7-DCF1-4EA5-AB12-C013BD2AB3C6}
	EndGlobalSection
EndGlobal
